
Microsoft Visual Studio Solution File, Format Version 12.00
# Visual Studio Version 17
VisualStudioVersion = 17.14.36518.9
MinimumVisualStudioVersion = 10.0.40219.1
Project("{FAE04EC0-301F-11D3-BF4B-00C04F79EFBC}") = "LEG.CoreLib", "LEG.CoreLib\LEG.CoreLib.csproj", "{82846EA1-645C-4BB9-AB81-BD571D65348C}"
EndProject
Project("{FAE04EC0-301F-11D3-BF4B-00C04F79EFBC}") = "LEG.Tests", "LEG.Tests\LEG.Tests.csproj", "{A0C9C30F-3D45-41EE-BAC9-E74F83E619FA}"
EndProject
Project("{FAE04EC0-301F-11D3-BF4B-00C04F79EFBC}") = "E3DcConsoleApp", "LEG.ConsoleApp\E3DcConsoleApp.csproj", "{52F6E7B3-2B06-4083-AAF7-9325CB288178}"
EndProject
Project("{FAE04EC0-301F-11D3-BF4B-00C04F79EFBC}") = "BuildingFinderTestApp", "BuildingFinderTestApp\BuildingFinderTestApp.csproj", "{BB86D2C9-D065-47D8-A764-7495FF4D487A}"
EndProject
Project("{2150E333-8FDC-42A3-9474-1A3956D46DE8}") = "Solution Items", "Solution Items", "{8EC462FD-D22E-90A8-E5CE-7E832BA40C5D}"
	ProjectSection(SolutionItems) = preProject
		InspectRoofData.ps1 = InspectRoofData.ps1
		Test-GeoAdminUrls.ps1 = Test-GeoAdminUrls.ps1
		Test-GeoAdminUrls_2.ps1 = Test-GeoAdminUrls_2.ps1
	EndProjectSection
EndProject
Project("{FAE04EC0-301F-11D3-BF4B-00C04F79EFBC}") = "CalibrationApp", "CalibrationApp\CalibrationApp.csproj", "{99072D66-7F83-4022-9283-1E8B7A39B55A}"
EndProject
Project("{FAE04EC0-301F-11D3-BF4B-00C04F79EFBC}") = "SolarProductionTestApp", "SolarProductionTestApp\SolarProductionTestApp.csproj", "{FE4A1E52-C280-4FC6-A634-893EA1933681}"
EndProject
Project("{FAE04EC0-301F-11D3-BF4B-00C04F79EFBC}") = "HorizonProfiles", "HorizonProfiles\HorizonProfiles.csproj", "{82A51EE5-216C-4831-AFC0-2DF652FCB41B}"
EndProject
Project("{FAE04EC0-301F-11D3-BF4B-00C04F79EFBC}") = "LEG.OxyPlotHelper", "LEG.OxyPlotHelper\LEG.OxyPlotHelper.csproj", "{F489F241-406D-41C6-A08C-B0311F1D696D}"
EndProject
Project("{FAE04EC0-301F-11D3-BF4B-00C04F79EFBC}") = "LEG.SwissTopo.Client", "LEG.SwissTopo.Client\LEG.SwissTopo.Client.csproj", "{BF40C537-C55A-474E-8B88-3F265BA92DCD}"
EndProject
Project("{FAE04EC0-301F-11D3-BF4B-00C04F79EFBC}") = "LEG.SwissTopo.Abstractions", "LEG.SwissTopo.Abstractions\LEG.SwissTopo.Abstractions.csproj", "{583AE047-7517-4E88-BF62-9AEC6DEF7BAA}"
EndProject
Project("{FAE04EC0-301F-11D3-BF4B-00C04F79EFBC}") = "LEG.MeteoSwiss.Abstractions", "LEG.MeteoSwiss.Abstractions\LEG.MeteoSwiss.Abstractions.csproj", "{5C0EB842-55DC-432D-B741-8FF6CC83D8D4}"
EndProject
Project("{FAE04EC0-301F-11D3-BF4B-00C04F79EFBC}") = "LEG.MeteoSwiss.Client", "LEG.MeteoSwiss.Client\LEG.MeteoSwiss.Client.csproj", "{17BFF4CE-A90B-44DD-B84A-8E69B6E688A4}"
EndProject
Project("{FAE04EC0-301F-11D3-BF4B-00C04F79EFBC}") = "LEG.Common", "LEG.Common\LEG.Common.csproj", "{DEB2DAD5-DCEE-4D86-9D66-8C739D5E34B4}"
EndProject
Project("{FAE04EC0-301F-11D3-BF4B-00C04F79EFBC}") = "MeteoConsoleApp", "MeteoConsoleApp\MeteoConsoleApp.csproj", "{B57198DE-E9D7-4C23-BE23-325DCC214077}"
EndProject
Project("{FAE04EC0-301F-11D3-BF4B-00C04F79EFBC}") = "LEG.E3Dc.Abstractions", "LEG.E3Dc.Abstractions\LEG.E3Dc.Abstractions.csproj", "{7B6A6A2A-6029-4B3B-9802-FA95D18F799F}"
EndProject
Project("{FAE04EC0-301F-11D3-BF4B-00C04F79EFBC}") = "LEG.E3Dc.Client", "LEG.E3Dc.Client\LEG.E3Dc.Client.csproj", "{340CE674-ED57-46CB-91E6-26F2A06150C1}"
EndProject
Project("{FAE04EC0-301F-11D3-BF4B-00C04F79EFBC}") = "LEG.HorizonProfiles.Abstractions", "LEG.HorizonProfiles.Abstractions\LEG.HorizonProfiles.Abstractions.csproj", "{7C5CEAC6-A4A9-4DD5-9A86-7E4094A3A6A6}"
EndProject
Project("{FAE04EC0-301F-11D3-BF4B-00C04F79EFBC}") = "LEG.HorizonProfiles.Client", "LEG.HorizonProfiles.Client\LEG.HorizonProfiles.Client.csproj", "{0FB49780-0DD2-4F26-ADDD-6FF47FE64048}"
EndProject
Project("{FAE04EC0-301F-11D3-BF4B-00C04F79EFBC}") = "LEG.CoreLib.Abstractions", "LEG.CoreLib.Abstractions\LEG.CoreLib.Abstractions.csproj", "{C6E27C88-32BE-4A4F-90EF-BE6BD5743359}"
EndProject
Project("{FAE04EC0-301F-11D3-BF4B-00C04F79EFBC}") = "LEG.CoreLib.DataSource.Csv", "LEG.CoreLib.DataSource.Csv\LEG.CoreLib.DataSource.Csv.csproj", "{56B4C815-498E-493A-81F1-651BDE1EC21F}"
EndProject
Project("{FAE04EC0-301F-11D3-BF4B-00C04F79EFBC}") = "LEG.CoreLib.SampleData", "LEG.CoreLib.SampleData\LEG.CoreLib.SampleData.csproj", "{16DF38DE-469A-4CB3-8BC1-7D929B25D2C7}"
EndProject
Global
	GlobalSection(SolutionConfigurationPlatforms) = preSolution
		Debug|Any CPU = Debug|Any CPU
		Debug|x64 = Debug|x64
		Debug|x86 = Debug|x86
		Release|Any CPU = Release|Any CPU
		Release|x64 = Release|x64
		Release|x86 = Release|x86
	EndGlobalSection
	GlobalSection(ProjectConfigurationPlatforms) = postSolution
		{82846EA1-645C-4BB9-AB81-BD571D65348C}.Debug|Any CPU.ActiveCfg = Debug|Any CPU
		{82846EA1-645C-4BB9-AB81-BD571D65348C}.Debug|Any CPU.Build.0 = Debug|Any CPU
		{82846EA1-645C-4BB9-AB81-BD571D65348C}.Debug|x64.ActiveCfg = Debug|Any CPU
		{82846EA1-645C-4BB9-AB81-BD571D65348C}.Debug|x64.Build.0 = Debug|Any CPU
		{82846EA1-645C-4BB9-AB81-BD571D65348C}.Debug|x86.ActiveCfg = Debug|Any CPU
		{82846EA1-645C-4BB9-AB81-BD571D65348C}.Debug|x86.Build.0 = Debug|Any CPU
		{82846EA1-645C-4BB9-AB81-BD571D65348C}.Release|Any CPU.ActiveCfg = Release|Any CPU
		{82846EA1-645C-4BB9-AB81-BD571D65348C}.Release|Any CPU.Build.0 = Release|Any CPU
		{82846EA1-645C-4BB9-AB81-BD571D65348C}.Release|x64.ActiveCfg = Release|Any CPU
		{82846EA1-645C-4BB9-AB81-BD571D65348C}.Release|x64.Build.0 = Release|Any CPU
		{82846EA1-645C-4BB9-AB81-BD571D65348C}.Release|x86.ActiveCfg = Release|Any CPU
		{82846EA1-645C-4BB9-AB81-BD571D65348C}.Release|x86.Build.0 = Release|Any CPU
		{A0C9C30F-3D45-41EE-BAC9-E74F83E619FA}.Debug|Any CPU.ActiveCfg = Debug|Any CPU
		{A0C9C30F-3D45-41EE-BAC9-E74F83E619FA}.Debug|Any CPU.Build.0 = Debug|Any CPU
		{A0C9C30F-3D45-41EE-BAC9-E74F83E619FA}.Debug|x64.ActiveCfg = Debug|Any CPU
		{A0C9C30F-3D45-41EE-BAC9-E74F83E619FA}.Debug|x64.Build.0 = Debug|Any CPU
		{A0C9C30F-3D45-41EE-BAC9-E74F83E619FA}.Debug|x86.ActiveCfg = Debug|Any CPU
		{A0C9C30F-3D45-41EE-BAC9-E74F83E619FA}.Debug|x86.Build.0 = Debug|Any CPU
		{A0C9C30F-3D45-41EE-BAC9-E74F83E619FA}.Release|Any CPU.ActiveCfg = Release|Any CPU
		{A0C9C30F-3D45-41EE-BAC9-E74F83E619FA}.Release|Any CPU.Build.0 = Release|Any CPU
		{A0C9C30F-3D45-41EE-BAC9-E74F83E619FA}.Release|x64.ActiveCfg = Release|Any CPU
		{A0C9C30F-3D45-41EE-BAC9-E74F83E619FA}.Release|x64.Build.0 = Release|Any CPU
		{A0C9C30F-3D45-41EE-BAC9-E74F83E619FA}.Release|x86.ActiveCfg = Release|Any CPU
		{A0C9C30F-3D45-41EE-BAC9-E74F83E619FA}.Release|x86.Build.0 = Release|Any CPU
		{52F6E7B3-2B06-4083-AAF7-9325CB288178}.Debug|Any CPU.ActiveCfg = Debug|Any CPU
		{52F6E7B3-2B06-4083-AAF7-9325CB288178}.Debug|Any CPU.Build.0 = Debug|Any CPU
		{52F6E7B3-2B06-4083-AAF7-9325CB288178}.Debug|x64.ActiveCfg = Debug|Any CPU
		{52F6E7B3-2B06-4083-AAF7-9325CB288178}.Debug|x64.Build.0 = Debug|Any CPU
		{52F6E7B3-2B06-4083-AAF7-9325CB288178}.Debug|x86.ActiveCfg = Debug|Any CPU
		{52F6E7B3-2B06-4083-AAF7-9325CB288178}.Debug|x86.Build.0 = Debug|Any CPU
		{52F6E7B3-2B06-4083-AAF7-9325CB288178}.Release|Any CPU.ActiveCfg = Release|Any CPU
		{52F6E7B3-2B06-4083-AAF7-9325CB288178}.Release|Any CPU.Build.0 = Release|Any CPU
		{52F6E7B3-2B06-4083-AAF7-9325CB288178}.Release|x64.ActiveCfg = Release|Any CPU
		{52F6E7B3-2B06-4083-AAF7-9325CB288178}.Release|x64.Build.0 = Release|Any CPU
		{52F6E7B3-2B06-4083-AAF7-9325CB288178}.Release|x86.ActiveCfg = Release|Any CPU
		{52F6E7B3-2B06-4083-AAF7-9325CB288178}.Release|x86.Build.0 = Release|Any CPU
		{BB86D2C9-D065-47D8-A764-7495FF4D487A}.Debug|Any CPU.ActiveCfg = Debug|Any CPU
		{BB86D2C9-D065-47D8-A764-7495FF4D487A}.Debug|Any CPU.Build.0 = Debug|Any CPU
		{BB86D2C9-D065-47D8-A764-7495FF4D487A}.Debug|x64.ActiveCfg = Debug|Any CPU
		{BB86D2C9-D065-47D8-A764-7495FF4D487A}.Debug|x64.Build.0 = Debug|Any CPU
		{BB86D2C9-D065-47D8-A764-7495FF4D487A}.Debug|x86.ActiveCfg = Debug|Any CPU
		{BB86D2C9-D065-47D8-A764-7495FF4D487A}.Debug|x86.Build.0 = Debug|Any CPU
		{BB86D2C9-D065-47D8-A764-7495FF4D487A}.Release|Any CPU.ActiveCfg = Release|Any CPU
		{BB86D2C9-D065-47D8-A764-7495FF4D487A}.Release|Any CPU.Build.0 = Release|Any CPU
		{BB86D2C9-D065-47D8-A764-7495FF4D487A}.Release|x64.ActiveCfg = Release|Any CPU
		{BB86D2C9-D065-47D8-A764-7495FF4D487A}.Release|x64.Build.0 = Release|Any CPU
		{BB86D2C9-D065-47D8-A764-7495FF4D487A}.Release|x86.ActiveCfg = Release|Any CPU
		{BB86D2C9-D065-47D8-A764-7495FF4D487A}.Release|x86.Build.0 = Release|Any CPU
		{99072D66-7F83-4022-9283-1E8B7A39B55A}.Debug|Any CPU.ActiveCfg = Debug|Any CPU
		{99072D66-7F83-4022-9283-1E8B7A39B55A}.Debug|Any CPU.Build.0 = Debug|Any CPU
		{99072D66-7F83-4022-9283-1E8B7A39B55A}.Debug|x64.ActiveCfg = Debug|Any CPU
		{99072D66-7F83-4022-9283-1E8B7A39B55A}.Debug|x64.Build.0 = Debug|Any CPU
		{99072D66-7F83-4022-9283-1E8B7A39B55A}.Debug|x86.ActiveCfg = Debug|Any CPU
		{99072D66-7F83-4022-9283-1E8B7A39B55A}.Debug|x86.Build.0 = Debug|Any CPU
		{99072D66-7F83-4022-9283-1E8B7A39B55A}.Release|Any CPU.ActiveCfg = Release|Any CPU
		{99072D66-7F83-4022-9283-1E8B7A39B55A}.Release|Any CPU.Build.0 = Release|Any CPU
		{99072D66-7F83-4022-9283-1E8B7A39B55A}.Release|x64.ActiveCfg = Release|Any CPU
		{99072D66-7F83-4022-9283-1E8B7A39B55A}.Release|x64.Build.0 = Release|Any CPU
		{99072D66-7F83-4022-9283-1E8B7A39B55A}.Release|x86.ActiveCfg = Release|Any CPU
		{99072D66-7F83-4022-9283-1E8B7A39B55A}.Release|x86.Build.0 = Release|Any CPU
		{FE4A1E52-C280-4FC6-A634-893EA1933681}.Debug|Any CPU.ActiveCfg = Debug|Any CPU
		{FE4A1E52-C280-4FC6-A634-893EA1933681}.Debug|Any CPU.Build.0 = Debug|Any CPU
		{FE4A1E52-C280-4FC6-A634-893EA1933681}.Debug|x64.ActiveCfg = Debug|Any CPU
		{FE4A1E52-C280-4FC6-A634-893EA1933681}.Debug|x64.Build.0 = Debug|Any CPU
		{FE4A1E52-C280-4FC6-A634-893EA1933681}.Debug|x86.ActiveCfg = Debug|Any CPU
		{FE4A1E52-C280-4FC6-A634-893EA1933681}.Debug|x86.Build.0 = Debug|Any CPU
		{FE4A1E52-C280-4FC6-A634-893EA1933681}.Release|Any CPU.ActiveCfg = Release|Any CPU
		{FE4A1E52-C280-4FC6-A634-893EA1933681}.Release|Any CPU.Build.0 = Release|Any CPU
		{FE4A1E52-C280-4FC6-A634-893EA1933681}.Release|x64.ActiveCfg = Release|Any CPU
		{FE4A1E52-C280-4FC6-A634-893EA1933681}.Release|x64.Build.0 = Release|Any CPU
		{FE4A1E52-C280-4FC6-A634-893EA1933681}.Release|x86.ActiveCfg = Release|Any CPU
		{FE4A1E52-C280-4FC6-A634-893EA1933681}.Release|x86.Build.0 = Release|Any CPU
		{82A51EE5-216C-4831-AFC0-2DF652FCB41B}.Debug|Any CPU.ActiveCfg = Debug|Any CPU
		{82A51EE5-216C-4831-AFC0-2DF652FCB41B}.Debug|Any CPU.Build.0 = Debug|Any CPU
		{82A51EE5-216C-4831-AFC0-2DF652FCB41B}.Debug|x64.ActiveCfg = Debug|Any CPU
		{82A51EE5-216C-4831-AFC0-2DF652FCB41B}.Debug|x64.Build.0 = Debug|Any CPU
		{82A51EE5-216C-4831-AFC0-2DF652FCB41B}.Debug|x86.ActiveCfg = Debug|Any CPU
		{82A51EE5-216C-4831-AFC0-2DF652FCB41B}.Debug|x86.Build.0 = Debug|Any CPU
		{82A51EE5-216C-4831-AFC0-2DF652FCB41B}.Release|Any CPU.ActiveCfg = Release|Any CPU
		{82A51EE5-216C-4831-AFC0-2DF652FCB41B}.Release|Any CPU.Build.0 = Release|Any CPU
		{82A51EE5-216C-4831-AFC0-2DF652FCB41B}.Release|x64.ActiveCfg = Release|Any CPU
		{82A51EE5-216C-4831-AFC0-2DF652FCB41B}.Release|x64.Build.0 = Release|Any CPU
		{82A51EE5-216C-4831-AFC0-2DF652FCB41B}.Release|x86.ActiveCfg = Release|Any CPU
		{82A51EE5-216C-4831-AFC0-2DF652FCB41B}.Release|x86.Build.0 = Release|Any CPU
		{F489F241-406D-41C6-A08C-B0311F1D696D}.Debug|Any CPU.ActiveCfg = Debug|Any CPU
		{F489F241-406D-41C6-A08C-B0311F1D696D}.Debug|Any CPU.Build.0 = Debug|Any CPU
		{F489F241-406D-41C6-A08C-B0311F1D696D}.Debug|x64.ActiveCfg = Debug|Any CPU
		{F489F241-406D-41C6-A08C-B0311F1D696D}.Debug|x64.Build.0 = Debug|Any CPU
		{F489F241-406D-41C6-A08C-B0311F1D696D}.Debug|x86.ActiveCfg = Debug|Any CPU
		{F489F241-406D-41C6-A08C-B0311F1D696D}.Debug|x86.Build.0 = Debug|Any CPU
		{F489F241-406D-41C6-A08C-B0311F1D696D}.Release|Any CPU.ActiveCfg = Release|Any CPU
		{F489F241-406D-41C6-A08C-B0311F1D696D}.Release|Any CPU.Build.0 = Release|Any CPU
		{F489F241-406D-41C6-A08C-B0311F1D696D}.Release|x64.ActiveCfg = Release|Any CPU
		{F489F241-406D-41C6-A08C-B0311F1D696D}.Release|x64.Build.0 = Release|Any CPU
		{F489F241-406D-41C6-A08C-B0311F1D696D}.Release|x86.ActiveCfg = Release|Any CPU
		{F489F241-406D-41C6-A08C-B0311F1D696D}.Release|x86.Build.0 = Release|Any CPU
		{BF40C537-C55A-474E-8B88-3F265BA92DCD}.Debug|Any CPU.ActiveCfg = Debug|Any CPU
		{BF40C537-C55A-474E-8B88-3F265BA92DCD}.Debug|Any CPU.Build.0 = Debug|Any CPU
		{BF40C537-C55A-474E-8B88-3F265BA92DCD}.Debug|x64.ActiveCfg = Debug|Any CPU
		{BF40C537-C55A-474E-8B88-3F265BA92DCD}.Debug|x64.Build.0 = Debug|Any CPU
		{BF40C537-C55A-474E-8B88-3F265BA92DCD}.Debug|x86.ActiveCfg = Debug|Any CPU
		{BF40C537-C55A-474E-8B88-3F265BA92DCD}.Debug|x86.Build.0 = Debug|Any CPU
		{BF40C537-C55A-474E-8B88-3F265BA92DCD}.Release|Any CPU.ActiveCfg = Release|Any CPU
		{BF40C537-C55A-474E-8B88-3F265BA92DCD}.Release|Any CPU.Build.0 = Release|Any CPU
		{BF40C537-C55A-474E-8B88-3F265BA92DCD}.Release|x64.ActiveCfg = Release|Any CPU
		{BF40C537-C55A-474E-8B88-3F265BA92DCD}.Release|x64.Build.0 = Release|Any CPU
		{BF40C537-C55A-474E-8B88-3F265BA92DCD}.Release|x86.ActiveCfg = Release|Any CPU
		{BF40C537-C55A-474E-8B88-3F265BA92DCD}.Release|x86.Build.0 = Release|Any CPU
		{583AE047-7517-4E88-BF62-9AEC6DEF7BAA}.Debug|Any CPU.ActiveCfg = Debug|Any CPU
		{583AE047-7517-4E88-BF62-9AEC6DEF7BAA}.Debug|Any CPU.Build.0 = Debug|Any CPU
		{583AE047-7517-4E88-BF62-9AEC6DEF7BAA}.Debug|x64.ActiveCfg = Debug|Any CPU
		{583AE047-7517-4E88-BF62-9AEC6DEF7BAA}.Debug|x64.Build.0 = Debug|Any CPU
		{583AE047-7517-4E88-BF62-9AEC6DEF7BAA}.Debug|x86.ActiveCfg = Debug|Any CPU
		{583AE047-7517-4E88-BF62-9AEC6DEF7BAA}.Debug|x86.Build.0 = Debug|Any CPU
		{583AE047-7517-4E88-BF62-9AEC6DEF7BAA}.Release|Any CPU.ActiveCfg = Release|Any CPU
		{583AE047-7517-4E88-BF62-9AEC6DEF7BAA}.Release|Any CPU.Build.0 = Release|Any CPU
		{583AE047-7517-4E88-BF62-9AEC6DEF7BAA}.Release|x64.ActiveCfg = Release|Any CPU
		{583AE047-7517-4E88-BF62-9AEC6DEF7BAA}.Release|x64.Build.0 = Release|Any CPU
		{583AE047-7517-4E88-BF62-9AEC6DEF7BAA}.Release|x86.ActiveCfg = Release|Any CPU
		{583AE047-7517-4E88-BF62-9AEC6DEF7BAA}.Release|x86.Build.0 = Release|Any CPU
		{5C0EB842-55DC-432D-B741-8FF6CC83D8D4}.Debug|Any CPU.ActiveCfg = Debug|Any CPU
		{5C0EB842-55DC-432D-B741-8FF6CC83D8D4}.Debug|Any CPU.Build.0 = Debug|Any CPU
		{5C0EB842-55DC-432D-B741-8FF6CC83D8D4}.Debug|x64.ActiveCfg = Debug|Any CPU
		{5C0EB842-55DC-432D-B741-8FF6CC83D8D4}.Debug|x64.Build.0 = Debug|Any CPU
		{5C0EB842-55DC-432D-B741-8FF6CC83D8D4}.Debug|x86.ActiveCfg = Debug|Any CPU
		{5C0EB842-55DC-432D-B741-8FF6CC83D8D4}.Debug|x86.Build.0 = Debug|Any CPU
		{5C0EB842-55DC-432D-B741-8FF6CC83D8D4}.Release|Any CPU.ActiveCfg = Release|Any CPU
		{5C0EB842-55DC-432D-B741-8FF6CC83D8D4}.Release|Any CPU.Build.0 = Release|Any CPU
		{5C0EB842-55DC-432D-B741-8FF6CC83D8D4}.Release|x64.ActiveCfg = Release|Any CPU
		{5C0EB842-55DC-432D-B741-8FF6CC83D8D4}.Release|x64.Build.0 = Release|Any CPU
		{5C0EB842-55DC-432D-B741-8FF6CC83D8D4}.Release|x86.ActiveCfg = Release|Any CPU
		{5C0EB842-55DC-432D-B741-8FF6CC83D8D4}.Release|x86.Build.0 = Release|Any CPU
		{17BFF4CE-A90B-44DD-B84A-8E69B6E688A4}.Debug|Any CPU.ActiveCfg = Debug|Any CPU
		{17BFF4CE-A90B-44DD-B84A-8E69B6E688A4}.Debug|Any CPU.Build.0 = Debug|Any CPU
		{17BFF4CE-A90B-44DD-B84A-8E69B6E688A4}.Debug|x64.ActiveCfg = Debug|Any CPU
		{17BFF4CE-A90B-44DD-B84A-8E69B6E688A4}.Debug|x64.Build.0 = Debug|Any CPU
		{17BFF4CE-A90B-44DD-B84A-8E69B6E688A4}.Debug|x86.ActiveCfg = Debug|Any CPU
		{17BFF4CE-A90B-44DD-B84A-8E69B6E688A4}.Debug|x86.Build.0 = Debug|Any CPU
		{17BFF4CE-A90B-44DD-B84A-8E69B6E688A4}.Release|Any CPU.ActiveCfg = Release|Any CPU
		{17BFF4CE-A90B-44DD-B84A-8E69B6E688A4}.Release|Any CPU.Build.0 = Release|Any CPU
		{17BFF4CE-A90B-44DD-B84A-8E69B6E688A4}.Release|x64.ActiveCfg = Release|Any CPU
		{17BFF4CE-A90B-44DD-B84A-8E69B6E688A4}.Release|x64.Build.0 = Release|Any CPU
		{17BFF4CE-A90B-44DD-B84A-8E69B6E688A4}.Release|x86.ActiveCfg = Release|Any CPU
		{17BFF4CE-A90B-44DD-B84A-8E69B6E688A4}.Release|x86.Build.0 = Release|Any CPU
		{DEB2DAD5-DCEE-4D86-9D66-8C739D5E34B4}.Debug|Any CPU.ActiveCfg = Debug|Any CPU
		{DEB2DAD5-DCEE-4D86-9D66-8C739D5E34B4}.Debug|Any CPU.Build.0 = Debug|Any CPU
		{DEB2DAD5-DCEE-4D86-9D66-8C739D5E34B4}.Debug|x64.ActiveCfg = Debug|Any CPU
		{DEB2DAD5-DCEE-4D86-9D66-8C739D5E34B4}.Debug|x64.Build.0 = Debug|Any CPU
		{DEB2DAD5-DCEE-4D86-9D66-8C739D5E34B4}.Debug|x86.ActiveCfg = Debug|Any CPU
		{DEB2DAD5-DCEE-4D86-9D66-8C739D5E34B4}.Debug|x86.Build.0 = Debug|Any CPU
		{DEB2DAD5-DCEE-4D86-9D66-8C739D5E34B4}.Release|Any CPU.ActiveCfg = Release|Any CPU
		{DEB2DAD5-DCEE-4D86-9D66-8C739D5E34B4}.Release|Any CPU.Build.0 = Release|Any CPU
		{DEB2DAD5-DCEE-4D86-9D66-8C739D5E34B4}.Release|x64.ActiveCfg = Release|Any CPU
		{DEB2DAD5-DCEE-4D86-9D66-8C739D5E34B4}.Release|x64.Build.0 = Release|Any CPU
		{DEB2DAD5-DCEE-4D86-9D66-8C739D5E34B4}.Release|x86.ActiveCfg = Release|Any CPU
		{DEB2DAD5-DCEE-4D86-9D66-8C739D5E34B4}.Release|x86.Build.0 = Release|Any CPU
		{B57198DE-E9D7-4C23-BE23-325DCC214077}.Debug|Any CPU.ActiveCfg = Debug|Any CPU
		{B57198DE-E9D7-4C23-BE23-325DCC214077}.Debug|Any CPU.Build.0 = Debug|Any CPU
		{B57198DE-E9D7-4C23-BE23-325DCC214077}.Debug|x64.ActiveCfg = Debug|Any CPU
		{B57198DE-E9D7-4C23-BE23-325DCC214077}.Debug|x64.Build.0 = Debug|Any CPU
		{B57198DE-E9D7-4C23-BE23-325DCC214077}.Debug|x86.ActiveCfg = Debug|Any CPU
		{B57198DE-E9D7-4C23-BE23-325DCC214077}.Debug|x86.Build.0 = Debug|Any CPU
		{B57198DE-E9D7-4C23-BE23-325DCC214077}.Release|Any CPU.ActiveCfg = Release|Any CPU
		{B57198DE-E9D7-4C23-BE23-325DCC214077}.Release|Any CPU.Build.0 = Release|Any CPU
		{B57198DE-E9D7-4C23-BE23-325DCC214077}.Release|x64.ActiveCfg = Release|Any CPU
		{B57198DE-E9D7-4C23-BE23-325DCC214077}.Release|x64.Build.0 = Release|Any CPU
		{B57198DE-E9D7-4C23-BE23-325DCC214077}.Release|x86.ActiveCfg = Release|Any CPU
		{B57198DE-E9D7-4C23-BE23-325DCC214077}.Release|x86.Build.0 = Release|Any CPU
		{7B6A6A2A-6029-4B3B-9802-FA95D18F799F}.Debug|Any CPU.ActiveCfg = Debug|Any CPU
		{7B6A6A2A-6029-4B3B-9802-FA95D18F799F}.Debug|Any CPU.Build.0 = Debug|Any CPU
		{7B6A6A2A-6029-4B3B-9802-FA95D18F799F}.Debug|x64.ActiveCfg = Debug|Any CPU
		{7B6A6A2A-6029-4B3B-9802-FA95D18F799F}.Debug|x64.Build.0 = Debug|Any CPU
		{7B6A6A2A-6029-4B3B-9802-FA95D18F799F}.Debug|x86.ActiveCfg = Debug|Any CPU
		{7B6A6A2A-6029-4B3B-9802-FA95D18F799F}.Debug|x86.Build.0 = Debug|Any CPU
		{7B6A6A2A-6029-4B3B-9802-FA95D18F799F}.Release|Any CPU.ActiveCfg = Release|Any CPU
		{7B6A6A2A-6029-4B3B-9802-FA95D18F799F}.Release|Any CPU.Build.0 = Release|Any CPU
		{7B6A6A2A-6029-4B3B-9802-FA95D18F799F}.Release|x64.ActiveCfg = Release|Any CPU
		{7B6A6A2A-6029-4B3B-9802-FA95D18F799F}.Release|x64.Build.0 = Release|Any CPU
		{7B6A6A2A-6029-4B3B-9802-FA95D18F799F}.Release|x86.ActiveCfg = Release|Any CPU
		{7B6A6A2A-6029-4B3B-9802-FA95D18F799F}.Release|x86.Build.0 = Release|Any CPU
		{340CE674-ED57-46CB-91E6-26F2A06150C1}.Debug|Any CPU.ActiveCfg = Debug|Any CPU
		{340CE674-ED57-46CB-91E6-26F2A06150C1}.Debug|Any CPU.Build.0 = Debug|Any CPU
		{340CE674-ED57-46CB-91E6-26F2A06150C1}.Debug|x64.ActiveCfg = Debug|Any CPU
		{340CE674-ED57-46CB-91E6-26F2A06150C1}.Debug|x64.Build.0 = Debug|Any CPU
		{340CE674-ED57-46CB-91E6-26F2A06150C1}.Debug|x86.ActiveCfg = Debug|Any CPU
		{340CE674-ED57-46CB-91E6-26F2A06150C1}.Debug|x86.Build.0 = Debug|Any CPU
		{340CE674-ED57-46CB-91E6-26F2A06150C1}.Release|Any CPU.ActiveCfg = Release|Any CPU
		{340CE674-ED57-46CB-91E6-26F2A06150C1}.Release|Any CPU.Build.0 = Release|Any CPU
		{340CE674-ED57-46CB-91E6-26F2A06150C1}.Release|x64.ActiveCfg = Release|Any CPU
		{340CE674-ED57-46CB-91E6-26F2A06150C1}.Release|x64.Build.0 = Release|Any CPU
		{340CE674-ED57-46CB-91E6-26F2A06150C1}.Release|x86.ActiveCfg = Release|Any CPU
		{340CE674-ED57-46CB-91E6-26F2A06150C1}.Release|x86.Build.0 = Release|Any CPU
		{7C5CEAC6-A4A9-4DD5-9A86-7E4094A3A6A6}.Debug|Any CPU.ActiveCfg = Debug|Any CPU
		{7C5CEAC6-A4A9-4DD5-9A86-7E4094A3A6A6}.Debug|Any CPU.Build.0 = Debug|Any CPU
		{7C5CEAC6-A4A9-4DD5-9A86-7E4094A3A6A6}.Debug|x64.ActiveCfg = Debug|Any CPU
		{7C5CEAC6-A4A9-4DD5-9A86-7E4094A3A6A6}.Debug|x64.Build.0 = Debug|Any CPU
		{7C5CEAC6-A4A9-4DD5-9A86-7E4094A3A6A6}.Debug|x86.ActiveCfg = Debug|Any CPU
		{7C5CEAC6-A4A9-4DD5-9A86-7E4094A3A6A6}.Debug|x86.Build.0 = Debug|Any CPU
		{7C5CEAC6-A4A9-4DD5-9A86-7E4094A3A6A6}.Release|Any CPU.ActiveCfg = Release|Any CPU
		{7C5CEAC6-A4A9-4DD5-9A86-7E4094A3A6A6}.Release|Any CPU.Build.0 = Release|Any CPU
		{7C5CEAC6-A4A9-4DD5-9A86-7E4094A3A6A6}.Release|x64.ActiveCfg = Release|Any CPU
		{7C5CEAC6-A4A9-4DD5-9A86-7E4094A3A6A6}.Release|x64.Build.0 = Release|Any CPU
		{7C5CEAC6-A4A9-4DD5-9A86-7E4094A3A6A6}.Release|x86.ActiveCfg = Release|Any CPU
		{7C5CEAC6-A4A9-4DD5-9A86-7E4094A3A6A6}.Release|x86.Build.0 = Release|Any CPU
		{0FB49780-0DD2-4F26-ADDD-6FF47FE64048}.Debug|Any CPU.ActiveCfg = Debug|Any CPU
		{0FB49780-0DD2-4F26-ADDD-6FF47FE64048}.Debug|Any CPU.Build.0 = Debug|Any CPU
		{0FB49780-0DD2-4F26-ADDD-6FF47FE64048}.Debug|x64.ActiveCfg = Debug|Any CPU
		{0FB49780-0DD2-4F26-ADDD-6FF47FE64048}.Debug|x64.Build.0 = Debug|Any CPU
		{0FB49780-0DD2-4F26-ADDD-6FF47FE64048}.Debug|x86.ActiveCfg = Debug|Any CPU
		{0FB49780-0DD2-4F26-ADDD-6FF47FE64048}.Debug|x86.Build.0 = Debug|Any CPU
		{0FB49780-0DD2-4F26-ADDD-6FF47FE64048}.Release|Any CPU.ActiveCfg = Release|Any CPU
		{0FB49780-0DD2-4F26-ADDD-6FF47FE64048}.Release|Any CPU.Build.0 = Release|Any CPU
		{0FB49780-0DD2-4F26-ADDD-6FF47FE64048}.Release|x64.ActiveCfg = Release|Any CPU
		{0FB49780-0DD2-4F26-ADDD-6FF47FE64048}.Release|x64.Build.0 = Release|Any CPU
		{0FB49780-0DD2-4F26-ADDD-6FF47FE64048}.Release|x86.ActiveCfg = Release|Any CPU
		{0FB49780-0DD2-4F26-ADDD-6FF47FE64048}.Release|x86.Build.0 = Release|Any CPU
		{C6E27C88-32BE-4A4F-90EF-BE6BD5743359}.Debug|Any CPU.ActiveCfg = Debug|Any CPU
		{C6E27C88-32BE-4A4F-90EF-BE6BD5743359}.Debug|Any CPU.Build.0 = Debug|Any CPU
		{C6E27C88-32BE-4A4F-90EF-BE6BD5743359}.Debug|x64.ActiveCfg = Debug|Any CPU
		{C6E27C88-32BE-4A4F-90EF-BE6BD5743359}.Debug|x64.Build.0 = Debug|Any CPU
		{C6E27C88-32BE-4A4F-90EF-BE6BD5743359}.Debug|x86.ActiveCfg = Debug|Any CPU
		{C6E27C88-32BE-4A4F-90EF-BE6BD5743359}.Debug|x86.Build.0 = Debug|Any CPU
		{C6E27C88-32BE-4A4F-90EF-BE6BD5743359}.Release|Any CPU.ActiveCfg = Release|Any CPU
		{C6E27C88-32BE-4A4F-90EF-BE6BD5743359}.Release|Any CPU.Build.0 = Release|Any CPU
		{C6E27C88-32BE-4A4F-90EF-BE6BD5743359}.Release|x64.ActiveCfg = Release|Any CPU
		{C6E27C88-32BE-4A4F-90EF-BE6BD5743359}.Release|x64.Build.0 = Release|Any CPU
		{C6E27C88-32BE-4A4F-90EF-BE6BD5743359}.Release|x86.ActiveCfg = Release|Any CPU
		{C6E27C88-32BE-4A4F-90EF-BE6BD5743359}.Release|x86.Build.0 = Release|Any CPU
		{56B4C815-498E-493A-81F1-651BDE1EC21F}.Debug|Any CPU.ActiveCfg = Debug|Any CPU
		{56B4C815-498E-493A-81F1-651BDE1EC21F}.Debug|Any CPU.Build.0 = Debug|Any CPU
		{56B4C815-498E-493A-81F1-651BDE1EC21F}.Debug|x64.ActiveCfg = Debug|Any CPU
		{56B4C815-498E-493A-81F1-651BDE1EC21F}.Debug|x64.Build.0 = Debug|Any CPU
		{56B4C815-498E-493A-81F1-651BDE1EC21F}.Debug|x86.ActiveCfg = Debug|Any CPU
		{56B4C815-498E-493A-81F1-651BDE1EC21F}.Debug|x86.Build.0 = Debug|Any CPU
		{56B4C815-498E-493A-81F1-651BDE1EC21F}.Release|Any CPU.ActiveCfg = Release|Any CPU
		{56B4C815-498E-493A-81F1-651BDE1EC21F}.Release|Any CPU.Build.0 = Release|Any CPU
		{56B4C815-498E-493A-81F1-651BDE1EC21F}.Release|x64.ActiveCfg = Release|Any CPU
		{56B4C815-498E-493A-81F1-651BDE1EC21F}.Release|x64.Build.0 = Release|Any CPU
		{56B4C815-498E-493A-81F1-651BDE1EC21F}.Release|x86.ActiveCfg = Release|Any CPU
		{56B4C815-498E-493A-81F1-651BDE1EC21F}.Release|x86.Build.0 = Release|Any CPU
		{16DF38DE-469A-4CB3-8BC1-7D929B25D2C7}.Debug|Any CPU.ActiveCfg = Debug|Any CPU
		{16DF38DE-469A-4CB3-8BC1-7D929B25D2C7}.Debug|Any CPU.Build.0 = Debug|Any CPU
		{16DF38DE-469A-4CB3-8BC1-7D929B25D2C7}.Debug|x64.ActiveCfg = Debug|Any CPU
		{16DF38DE-469A-4CB3-8BC1-7D929B25D2C7}.Debug|x64.Build.0 = Debug|Any CPU
		{16DF38DE-469A-4CB3-8BC1-7D929B25D2C7}.Debug|x86.ActiveCfg = Debug|Any CPU
		{16DF38DE-469A-4CB3-8BC1-7D929B25D2C7}.Debug|x86.Build.0 = Debug|Any CPU
		{16DF38DE-469A-4CB3-8BC1-7D929B25D2C7}.Release|Any CPU.ActiveCfg = Release|Any CPU
		{16DF38DE-469A-4CB3-8BC1-7D929B25D2C7}.Release|Any CPU.Build.0 = Release|Any CPU
		{16DF38DE-469A-4CB3-8BC1-7D929B25D2C7}.Release|x64.ActiveCfg = Release|Any CPU
		{16DF38DE-469A-4CB3-8BC1-7D929B25D2C7}.Release|x64.Build.0 = Release|Any CPU
		{16DF38DE-469A-4CB3-8BC1-7D929B25D2C7}.Release|x86.ActiveCfg = Release|Any CPU
		{16DF38DE-469A-4CB3-8BC1-7D929B25D2C7}.Release|x86.Build.0 = Release|Any CPU
	EndGlobalSection
	GlobalSection(SolutionProperties) = preSolution
		HideSolutionNode = FALSE
	EndGlobalSection
	GlobalSection(ExtensibilityGlobals) = postSolution
		SolutionGuid = {8FA22AEC-7686-42D8-8758-98F29FC9636E}
	EndGlobalSection
EndGlobal
